
Microsoft Visual Studio Solution File, Format Version 12.00
Project("{FAE04EC0-301F-11D3-BF4B-00C04F79EFBC}") = "MathLib", "MathLib\MathLib.csproj", "{AACB5878-A039-4405-B7E3-08F136D26696}"
EndProject
Project("{FAE04EC0-301F-11D3-BF4B-00C04F79EFBC}") = "Lib", "Lib\Lib.csproj", "{C2E3B83B-F159-4A65-8CBD-1EC8FD4CF07F}"
EndProject
Global
	GlobalSection(SolutionConfigurationPlatforms) = preSolution
		Debug|Any CPU = Debug|Any CPU
		Release|Any CPU = Release|Any CPU
	EndGlobalSection
	GlobalSection(ProjectConfigurationPlatforms) = postSolution
		{AACB5878-A039-4405-B7E3-08F136D26696}.Debug|Any CPU.ActiveCfg = Debug|Any CPU
		{AACB5878-A039-4405-B7E3-08F136D26696}.Debug|Any CPU.Build.0 = Debug|Any CPU
		{AACB5878-A039-4405-B7E3-08F136D26696}.Release|Any CPU.ActiveCfg = Release|Any CPU
		{AACB5878-A039-4405-B7E3-08F136D26696}.Release|Any CPU.Build.0 = Release|Any CPU
		{C2E3B83B-F159-4A65-8CBD-1EC8FD4CF07F}.Debug|Any CPU.ActiveCfg = Debug|Any CPU
		{C2E3B83B-F159-4A65-8CBD-1EC8FD4CF07F}.Debug|Any CPU.Build.0 = Debug|Any CPU
		{C2E3B83B-F159-4A65-8CBD-1EC8FD4CF07F}.Release|Any CPU.ActiveCfg = Release|Any CPU
		{C2E3B83B-F159-4A65-8CBD-1EC8FD4CF07F}.Release|Any CPU.Build.0 = Release|Any CPU
	EndGlobalSection
EndGlobal
